
Microsoft Visual Studio Solution File, Format Version 12.00
# Visual Studio Version 16
VisualStudioVersion = 16.0.29806.167
MinimumVisualStudioVersion = 10.0.40219.1
Project("{2150E333-8FDC-42A3-9474-1A3956D46DE8}") = "Pagination", "Pagination", "{BA4F8485-36A8-4AC8-8EAD-B1F80E3DB153}"
EndProject
Project("{2150E333-8FDC-42A3-9474-1A3956D46DE8}") = "src", "src", "{156338C6-5370-4427-9E34-2973DB8A1FF7}"
EndProject
Project("{9A19103F-16F7-4668-BE54-9A1E7A4F7556}") = "Pagination.Web", "Pagination\src\Pagination.Web\Pagination.Web.csproj", "{E95D3D09-278E-46A4-BF72-5A42EDD6CCE1}"
EndProject
Project("{2150E333-8FDC-42A3-9474-1A3956D46DE8}") = "LogPanel", "LogPanel", "{E74ABD11-877E-4E60-9898-10A6A35E25F9}"
EndProject
Project("{2150E333-8FDC-42A3-9474-1A3956D46DE8}") = "src", "src", "{1CAA238D-569B-4785-8BF8-FA4E0D11CDF6}"
EndProject
Project("{9A19103F-16F7-4668-BE54-9A1E7A4F7556}") = "LogPanel.Web", "LogPanel\src\LogPanel.Web\LogPanel.Web.csproj", "{5B276DD8-6B46-4588-AF0A-883DB6EDAB31}"
EndProject
Project("{2150E333-8FDC-42A3-9474-1A3956D46DE8}") = "KnockoutJS", "KnockoutJS", "{0AB899F1-39B0-47AA-B38A-2CF69DCEA4B2}"
EndProject
Project("{2150E333-8FDC-42A3-9474-1A3956D46DE8}") = "src", "src", "{36F007B5-9BB1-4754-BAFF-0DF3D96F5B01}"
EndProject
Project("{9A19103F-16F7-4668-BE54-9A1E7A4F7556}") = "KnockoutJS.Web", "KnockoutJS\src\KnockoutJS.Web\KnockoutJS.Web.csproj", "{5F5C61A1-FE25-47AD-8C1E-5B4903C2715B}"
EndProject
Project("{2150E333-8FDC-42A3-9474-1A3956D46DE8}") = "Ingenuity", "Ingenuity", "{D6F2169F-7DF4-481D-A6DA-F914ED308DEC}"
EndProject
Project("{2150E333-8FDC-42A3-9474-1A3956D46DE8}") = "src", "src", "{CE68EB18-FDF2-4153-B77B-3BB50AAF2514}"
EndProject
Project("{9A19103F-16F7-4668-BE54-9A1E7A4F7556}") = "Ingenuity.Web", "Ingenuity\src\Ingenuity.Web\Ingenuity.Web.csproj", "{9462BD1D-CD53-4D6C-9CB9-E38C62385832}"
EndProject
Project("{2150E333-8FDC-42A3-9474-1A3956D46DE8}") = "DingTalk", "DingTalk", "{512099C6-B2EC-4EC7-8479-CEF88AEEEA19}"
EndProject
Project("{2150E333-8FDC-42A3-9474-1A3956D46DE8}") = "src", "src", "{BC3C0A93-6E5B-446B-A0EF-E4D7119C4651}"
EndProject
Project("{9A19103F-16F7-4668-BE54-9A1E7A4F7556}") = "DingTalk.Web", "DingTalk\src\DingTalk.Web\DingTalk.Web.csproj", "{6FA08A7E-8E40-488A-84DC-D24E133AB027}"
EndProject
Project("{2150E333-8FDC-42A3-9474-1A3956D46DE8}") = "HawkEye", "HawkEye", "{6A579AFA-0244-44BC-AEE2-9F022B1A03AF}"
EndProject
Project("{2150E333-8FDC-42A3-9474-1A3956D46DE8}") = "src", "src", "{48AAEB17-A9CD-4FB6-BC15-3BD5489DFC9F}"
EndProject
Project("{9A19103F-16F7-4668-BE54-9A1E7A4F7556}") = "HawkEye.Web", "HawkEye\src\HawkEye.Web\HawkEye.Web.csproj", "{59AE18D7-7B3D-41CB-9235-CA9511F8EFC2}"
EndProject
Project("{9A19103F-16F7-4668-BE54-9A1E7A4F7556}") = "KnockoutJS.Application", "KnockoutJS\src\KnockoutJS.Application\KnockoutJS.Application.csproj", "{E10ED5F2-A71C-4D02-9065-017D130F9D84}"
EndProject
Project("{9A19103F-16F7-4668-BE54-9A1E7A4F7556}") = "KnockoutJS.Core", "KnockoutJS\src\KnockoutJS.Core\KnockoutJS.Core.csproj", "{3078B3A3-1635-44CA-B5E2-502839F5A50D}"
EndProject
Project("{9A19103F-16F7-4668-BE54-9A1E7A4F7556}") = "KnockoutJS.EFCore", "KnockoutJS\src\KnockoutJS.EFCore\KnockoutJS.EFCore.csproj", "{361F6BF6-4E5A-4CA8-916E-25A606120F00}"
EndProject
Project("{2150E333-8FDC-42A3-9474-1A3956D46DE8}") = "ServiceLifetime", "ServiceLifetime", "{42946B0F-45C0-43EB-9C05-FF1B4AE2BECF}"
EndProject
Project("{2150E333-8FDC-42A3-9474-1A3956D46DE8}") = "src", "src", "{0F27ADD6-60D4-4306-99A8-8EAD6CEA9DA4}"
EndProject
Project("{9A19103F-16F7-4668-BE54-9A1E7A4F7556}") = "ServiceLifetime.WebApi", "ServiceLifetime\src\ServiceLifetime.WebApi\ServiceLifetime.WebApi.csproj", "{6E0EF5E9-ECFA-49AC-A080-E13D1296259C}"
EndProject
Project("{2150E333-8FDC-42A3-9474-1A3956D46DE8}") = "ImageProcess", "ImageProcess", "{84B5BDBD-0C90-4E4A-B76F-1ABD748FC2C6}"
EndProject
Project("{2150E333-8FDC-42A3-9474-1A3956D46DE8}") = "src", "src", "{C3D9AEBE-38DE-4B84-8DF3-485E780ABFB2}"
EndProject
Project("{9A19103F-16F7-4668-BE54-9A1E7A4F7556}") = "ImageProcess.Web", "ImageProcess\src\ImageProcess.Web\ImageProcess.Web.csproj", "{409238C9-D5E4-4537-B4A1-75E030944E84}"
EndProject
Project("{2150E333-8FDC-42A3-9474-1A3956D46DE8}") = "StateMachine", "StateMachine", "{D0870D33-2A3A-44D1-8534-7A6ED8C34A7A}"
EndProject
Project("{2150E333-8FDC-42A3-9474-1A3956D46DE8}") = "src", "src", "{1F044058-9C93-4304-A197-7A1B80C2AE36}"
EndProject
Project("{9A19103F-16F7-4668-BE54-9A1E7A4F7556}") = "StateMachine.Web", "StateMachine\src\StateMachine.Web\StateMachine.Web.csproj", "{8CF7EB95-A8AE-41A1-AA87-F2A57F0E1A53}"
EndProject
Project("{2150E333-8FDC-42A3-9474-1A3956D46DE8}") = "CodeHelper", "CodeHelper", "{998408CF-4CF6-43A9-AFC1-B7CB9D0DE6E3}"
EndProject
Project("{2150E333-8FDC-42A3-9474-1A3956D46DE8}") = "src", "src", "{B14633DD-4907-4CC5-895E-09F0022BBDC6}"
EndProject
Project("{9A19103F-16F7-4668-BE54-9A1E7A4F7556}") = "CodeHelper.Generator", "CodeHelper\src\CodeHelper.Generator\CodeHelper.Generator.csproj", "{D58F6C3E-C2CF-460B-8F49-CEC3FB862B94}"
EndProject
Project("{2150E333-8FDC-42A3-9474-1A3956D46DE8}") = "FastConnect", "FastConnect", "{2F62D6C3-AB35-4342-8BAC-08B42BC9C89A}"
EndProject
Project("{2150E333-8FDC-42A3-9474-1A3956D46DE8}") = "src", "src", "{1CAA39AC-12A7-4518-97B7-125A98E7D6EE}"
EndProject
Project("{9A19103F-16F7-4668-BE54-9A1E7A4F7556}") = "FastConnect.Tool", "FastConnect.Tool\src\FastConnect.Tool\FastConnect.Tool.csproj", "{3C6DD0A6-E126-4DC6-BC88-C1207BF6686D}"
EndProject
Project("{2150E333-8FDC-42A3-9474-1A3956D46DE8}") = "Scheduler", "Scheduler", "{48DB1A7A-904F-469E-903C-A47E1715DC90}"
EndProject
Project("{2150E333-8FDC-42A3-9474-1A3956D46DE8}") = "src", "src", "{46978B75-7D25-4015-B865-70F8E4BE6321}"
EndProject
Project("{9A19103F-16F7-4668-BE54-9A1E7A4F7556}") = "Scheduler.QuartZHelper", "Scheduler\src\Scheduler.QuartZHelper\Scheduler.QuartZHelper.csproj", "{A8936455-0E6E-4CA8-A0C1-BDA8381972FA}"
EndProject
Project("{2150E333-8FDC-42A3-9474-1A3956D46DE8}") = "WPSOnline", "WPSOnline", "{EEDA05DE-8723-4F8A-8ECD-C330AC353944}"
EndProject
Project("{2150E333-8FDC-42A3-9474-1A3956D46DE8}") = "src", "src", "{E9905F38-6CF3-4116-8D16-01AD9925745E}"
EndProject
Project("{9A19103F-16F7-4668-BE54-9A1E7A4F7556}") = "WPSOnline.Web", "WPSOnline\WPSOnline.Web\WPSOnline.Web\WPSOnline.Web.csproj", "{BD1C99D2-B50E-4201-A96A-3E206715C594}"
EndProject
Project("{2150E333-8FDC-42A3-9474-1A3956D46DE8}") = "RedisOperate", "RedisOperate", "{AC237A33-9271-440C-91EB-0452E01B3C23}"
EndProject
Project("{2150E333-8FDC-42A3-9474-1A3956D46DE8}") = "src", "src", "{F1371C7C-8D46-4E10-97E5-3C4B02849FD4}"
EndProject
Project("{9A19103F-16F7-4668-BE54-9A1E7A4F7556}") = "RedisOperate.Tool", "RedisOperate\src\RedisOperate.Tool\RedisOperate.Tool.csproj", "{C8BFBA00-D143-46FF-AB7B-27CB2A182BCC}"
EndProject
Project("{9A19103F-16F7-4668-BE54-9A1E7A4F7556}") = "RedisOperate.RedisTool", "RedisOperate\Src\RedisOperate.RedisBase\RedisOperate.RedisTool.csproj", "{41DCC796-830E-415C-85C8-3CA32891A6EF}"
EndProject
Global
	GlobalSection(SolutionConfigurationPlatforms) = preSolution
		Debug|Any CPU = Debug|Any CPU
		Release|Any CPU = Release|Any CPU
	EndGlobalSection
	GlobalSection(ProjectConfigurationPlatforms) = postSolution
		{E95D3D09-278E-46A4-BF72-5A42EDD6CCE1}.Debug|Any CPU.ActiveCfg = Debug|Any CPU
		{E95D3D09-278E-46A4-BF72-5A42EDD6CCE1}.Debug|Any CPU.Build.0 = Debug|Any CPU
		{E95D3D09-278E-46A4-BF72-5A42EDD6CCE1}.Release|Any CPU.ActiveCfg = Release|Any CPU
		{E95D3D09-278E-46A4-BF72-5A42EDD6CCE1}.Release|Any CPU.Build.0 = Release|Any CPU
		{5B276DD8-6B46-4588-AF0A-883DB6EDAB31}.Debug|Any CPU.ActiveCfg = Debug|Any CPU
		{5B276DD8-6B46-4588-AF0A-883DB6EDAB31}.Debug|Any CPU.Build.0 = Debug|Any CPU
		{5B276DD8-6B46-4588-AF0A-883DB6EDAB31}.Release|Any CPU.ActiveCfg = Release|Any CPU
		{5B276DD8-6B46-4588-AF0A-883DB6EDAB31}.Release|Any CPU.Build.0 = Release|Any CPU
		{5F5C61A1-FE25-47AD-8C1E-5B4903C2715B}.Debug|Any CPU.ActiveCfg = Debug|Any CPU
		{5F5C61A1-FE25-47AD-8C1E-5B4903C2715B}.Debug|Any CPU.Build.0 = Debug|Any CPU
		{5F5C61A1-FE25-47AD-8C1E-5B4903C2715B}.Release|Any CPU.ActiveCfg = Release|Any CPU
		{5F5C61A1-FE25-47AD-8C1E-5B4903C2715B}.Release|Any CPU.Build.0 = Release|Any CPU
		{9462BD1D-CD53-4D6C-9CB9-E38C62385832}.Debug|Any CPU.ActiveCfg = Debug|Any CPU
		{9462BD1D-CD53-4D6C-9CB9-E38C62385832}.Debug|Any CPU.Build.0 = Debug|Any CPU
		{9462BD1D-CD53-4D6C-9CB9-E38C62385832}.Release|Any CPU.ActiveCfg = Release|Any CPU
		{9462BD1D-CD53-4D6C-9CB9-E38C62385832}.Release|Any CPU.Build.0 = Release|Any CPU
		{6FA08A7E-8E40-488A-84DC-D24E133AB027}.Debug|Any CPU.ActiveCfg = Debug|Any CPU
		{6FA08A7E-8E40-488A-84DC-D24E133AB027}.Debug|Any CPU.Build.0 = Debug|Any CPU
		{6FA08A7E-8E40-488A-84DC-D24E133AB027}.Release|Any CPU.ActiveCfg = Release|Any CPU
		{6FA08A7E-8E40-488A-84DC-D24E133AB027}.Release|Any CPU.Build.0 = Release|Any CPU
		{59AE18D7-7B3D-41CB-9235-CA9511F8EFC2}.Debug|Any CPU.ActiveCfg = Debug|Any CPU
		{59AE18D7-7B3D-41CB-9235-CA9511F8EFC2}.Debug|Any CPU.Build.0 = Debug|Any CPU
		{59AE18D7-7B3D-41CB-9235-CA9511F8EFC2}.Release|Any CPU.ActiveCfg = Release|Any CPU
		{59AE18D7-7B3D-41CB-9235-CA9511F8EFC2}.Release|Any CPU.Build.0 = Release|Any CPU
		{E10ED5F2-A71C-4D02-9065-017D130F9D84}.Debug|Any CPU.ActiveCfg = Debug|Any CPU
		{E10ED5F2-A71C-4D02-9065-017D130F9D84}.Debug|Any CPU.Build.0 = Debug|Any CPU
		{E10ED5F2-A71C-4D02-9065-017D130F9D84}.Release|Any CPU.ActiveCfg = Release|Any CPU
		{E10ED5F2-A71C-4D02-9065-017D130F9D84}.Release|Any CPU.Build.0 = Release|Any CPU
		{3078B3A3-1635-44CA-B5E2-502839F5A50D}.Debug|Any CPU.ActiveCfg = Debug|Any CPU
		{3078B3A3-1635-44CA-B5E2-502839F5A50D}.Debug|Any CPU.Build.0 = Debug|Any CPU
		{3078B3A3-1635-44CA-B5E2-502839F5A50D}.Release|Any CPU.ActiveCfg = Release|Any CPU
		{3078B3A3-1635-44CA-B5E2-502839F5A50D}.Release|Any CPU.Build.0 = Release|Any CPU
		{361F6BF6-4E5A-4CA8-916E-25A606120F00}.Debug|Any CPU.ActiveCfg = Debug|Any CPU
		{361F6BF6-4E5A-4CA8-916E-25A606120F00}.Debug|Any CPU.Build.0 = Debug|Any CPU
		{361F6BF6-4E5A-4CA8-916E-25A606120F00}.Release|Any CPU.ActiveCfg = Release|Any CPU
		{361F6BF6-4E5A-4CA8-916E-25A606120F00}.Release|Any CPU.Build.0 = Release|Any CPU
		{6E0EF5E9-ECFA-49AC-A080-E13D1296259C}.Debug|Any CPU.ActiveCfg = Debug|Any CPU
		{6E0EF5E9-ECFA-49AC-A080-E13D1296259C}.Debug|Any CPU.Build.0 = Debug|Any CPU
		{6E0EF5E9-ECFA-49AC-A080-E13D1296259C}.Release|Any CPU.ActiveCfg = Release|Any CPU
		{6E0EF5E9-ECFA-49AC-A080-E13D1296259C}.Release|Any CPU.Build.0 = Release|Any CPU
		{409238C9-D5E4-4537-B4A1-75E030944E84}.Debug|Any CPU.ActiveCfg = Debug|Any CPU
		{409238C9-D5E4-4537-B4A1-75E030944E84}.Debug|Any CPU.Build.0 = Debug|Any CPU
		{409238C9-D5E4-4537-B4A1-75E030944E84}.Release|Any CPU.ActiveCfg = Release|Any CPU
		{409238C9-D5E4-4537-B4A1-75E030944E84}.Release|Any CPU.Build.0 = Release|Any CPU
		{8CF7EB95-A8AE-41A1-AA87-F2A57F0E1A53}.Debug|Any CPU.ActiveCfg = Debug|Any CPU
		{8CF7EB95-A8AE-41A1-AA87-F2A57F0E1A53}.Debug|Any CPU.Build.0 = Debug|Any CPU
		{8CF7EB95-A8AE-41A1-AA87-F2A57F0E1A53}.Release|Any CPU.ActiveCfg = Release|Any CPU
		{8CF7EB95-A8AE-41A1-AA87-F2A57F0E1A53}.Release|Any CPU.Build.0 = Release|Any CPU
		{D58F6C3E-C2CF-460B-8F49-CEC3FB862B94}.Debug|Any CPU.ActiveCfg = Debug|Any CPU
		{D58F6C3E-C2CF-460B-8F49-CEC3FB862B94}.Debug|Any CPU.Build.0 = Debug|Any CPU
		{D58F6C3E-C2CF-460B-8F49-CEC3FB862B94}.Release|Any CPU.ActiveCfg = Release|Any CPU
		{D58F6C3E-C2CF-460B-8F49-CEC3FB862B94}.Release|Any CPU.Build.0 = Release|Any CPU
		{3C6DD0A6-E126-4DC6-BC88-C1207BF6686D}.Debug|Any CPU.ActiveCfg = Debug|Any CPU
		{3C6DD0A6-E126-4DC6-BC88-C1207BF6686D}.Debug|Any CPU.Build.0 = Debug|Any CPU
		{3C6DD0A6-E126-4DC6-BC88-C1207BF6686D}.Release|Any CPU.ActiveCfg = Release|Any CPU
		{3C6DD0A6-E126-4DC6-BC88-C1207BF6686D}.Release|Any CPU.Build.0 = Release|Any CPU
		{A8936455-0E6E-4CA8-A0C1-BDA8381972FA}.Debug|Any CPU.ActiveCfg = Debug|Any CPU
		{A8936455-0E6E-4CA8-A0C1-BDA8381972FA}.Debug|Any CPU.Build.0 = Debug|Any CPU
		{A8936455-0E6E-4CA8-A0C1-BDA8381972FA}.Release|Any CPU.ActiveCfg = Release|Any CPU
		{A8936455-0E6E-4CA8-A0C1-BDA8381972FA}.Release|Any CPU.Build.0 = Release|Any CPU
		{BD1C99D2-B50E-4201-A96A-3E206715C594}.Debug|Any CPU.ActiveCfg = Debug|Any CPU
		{BD1C99D2-B50E-4201-A96A-3E206715C594}.Debug|Any CPU.Build.0 = Debug|Any CPU
		{BD1C99D2-B50E-4201-A96A-3E206715C594}.Release|Any CPU.ActiveCfg = Release|Any CPU
		{BD1C99D2-B50E-4201-A96A-3E206715C594}.Release|Any CPU.Build.0 = Release|Any CPU
		{C8BFBA00-D143-46FF-AB7B-27CB2A182BCC}.Debug|Any CPU.ActiveCfg = Debug|Any CPU
		{C8BFBA00-D143-46FF-AB7B-27CB2A182BCC}.Debug|Any CPU.Build.0 = Debug|Any CPU
		{C8BFBA00-D143-46FF-AB7B-27CB2A182BCC}.Release|Any CPU.ActiveCfg = Release|Any CPU
		{C8BFBA00-D143-46FF-AB7B-27CB2A182BCC}.Release|Any CPU.Build.0 = Release|Any CPU
		{41DCC796-830E-415C-85C8-3CA32891A6EF}.Debug|Any CPU.ActiveCfg = Debug|Any CPU
		{41DCC796-830E-415C-85C8-3CA32891A6EF}.Debug|Any CPU.Build.0 = Debug|Any CPU
		{41DCC796-830E-415C-85C8-3CA32891A6EF}.Release|Any CPU.ActiveCfg = Release|Any CPU
		{41DCC796-830E-415C-85C8-3CA32891A6EF}.Release|Any CPU.Build.0 = Release|Any CPU
	EndGlobalSection
	GlobalSection(SolutionProperties) = preSolution
		HideSolutionNode = FALSE
	EndGlobalSection
	GlobalSection(NestedProjects) = preSolution
		{156338C6-5370-4427-9E34-2973DB8A1FF7} = {BA4F8485-36A8-4AC8-8EAD-B1F80E3DB153}
		{E95D3D09-278E-46A4-BF72-5A42EDD6CCE1} = {156338C6-5370-4427-9E34-2973DB8A1FF7}
		{1CAA238D-569B-4785-8BF8-FA4E0D11CDF6} = {E74ABD11-877E-4E60-9898-10A6A35E25F9}
		{5B276DD8-6B46-4588-AF0A-883DB6EDAB31} = {1CAA238D-569B-4785-8BF8-FA4E0D11CDF6}
		{36F007B5-9BB1-4754-BAFF-0DF3D96F5B01} = {0AB899F1-39B0-47AA-B38A-2CF69DCEA4B2}
		{5F5C61A1-FE25-47AD-8C1E-5B4903C2715B} = {36F007B5-9BB1-4754-BAFF-0DF3D96F5B01}
		{CE68EB18-FDF2-4153-B77B-3BB50AAF2514} = {D6F2169F-7DF4-481D-A6DA-F914ED308DEC}
		{9462BD1D-CD53-4D6C-9CB9-E38C62385832} = {CE68EB18-FDF2-4153-B77B-3BB50AAF2514}
		{BC3C0A93-6E5B-446B-A0EF-E4D7119C4651} = {512099C6-B2EC-4EC7-8479-CEF88AEEEA19}
		{6FA08A7E-8E40-488A-84DC-D24E133AB027} = {BC3C0A93-6E5B-446B-A0EF-E4D7119C4651}
		{48AAEB17-A9CD-4FB6-BC15-3BD5489DFC9F} = {6A579AFA-0244-44BC-AEE2-9F022B1A03AF}
		{59AE18D7-7B3D-41CB-9235-CA9511F8EFC2} = {48AAEB17-A9CD-4FB6-BC15-3BD5489DFC9F}
		{E10ED5F2-A71C-4D02-9065-017D130F9D84} = {36F007B5-9BB1-4754-BAFF-0DF3D96F5B01}
		{3078B3A3-1635-44CA-B5E2-502839F5A50D} = {36F007B5-9BB1-4754-BAFF-0DF3D96F5B01}
		{361F6BF6-4E5A-4CA8-916E-25A606120F00} = {36F007B5-9BB1-4754-BAFF-0DF3D96F5B01}
		{0F27ADD6-60D4-4306-99A8-8EAD6CEA9DA4} = {42946B0F-45C0-43EB-9C05-FF1B4AE2BECF}
		{6E0EF5E9-ECFA-49AC-A080-E13D1296259C} = {0F27ADD6-60D4-4306-99A8-8EAD6CEA9DA4}
		{C3D9AEBE-38DE-4B84-8DF3-485E780ABFB2} = {84B5BDBD-0C90-4E4A-B76F-1ABD748FC2C6}
		{409238C9-D5E4-4537-B4A1-75E030944E84} = {C3D9AEBE-38DE-4B84-8DF3-485E780ABFB2}
		{1F044058-9C93-4304-A197-7A1B80C2AE36} = {D0870D33-2A3A-44D1-8534-7A6ED8C34A7A}
		{8CF7EB95-A8AE-41A1-AA87-F2A57F0E1A53} = {1F044058-9C93-4304-A197-7A1B80C2AE36}
		{B14633DD-4907-4CC5-895E-09F0022BBDC6} = {998408CF-4CF6-43A9-AFC1-B7CB9D0DE6E3}
		{D58F6C3E-C2CF-460B-8F49-CEC3FB862B94} = {B14633DD-4907-4CC5-895E-09F0022BBDC6}
		{1CAA39AC-12A7-4518-97B7-125A98E7D6EE} = {2F62D6C3-AB35-4342-8BAC-08B42BC9C89A}
		{3C6DD0A6-E126-4DC6-BC88-C1207BF6686D} = {1CAA39AC-12A7-4518-97B7-125A98E7D6EE}
		{46978B75-7D25-4015-B865-70F8E4BE6321} = {48DB1A7A-904F-469E-903C-A47E1715DC90}
		{A8936455-0E6E-4CA8-A0C1-BDA8381972FA} = {46978B75-7D25-4015-B865-70F8E4BE6321}
		{E9905F38-6CF3-4116-8D16-01AD9925745E} = {EEDA05DE-8723-4F8A-8ECD-C330AC353944}
		{BD1C99D2-B50E-4201-A96A-3E206715C594} = {E9905F38-6CF3-4116-8D16-01AD9925745E}
		{F1371C7C-8D46-4E10-97E5-3C4B02849FD4} = {AC237A33-9271-440C-91EB-0452E01B3C23}
		{C8BFBA00-D143-46FF-AB7B-27CB2A182BCC} = {F1371C7C-8D46-4E10-97E5-3C4B02849FD4}
		{41DCC796-830E-415C-85C8-3CA32891A6EF} = {F1371C7C-8D46-4E10-97E5-3C4B02849FD4}
	EndGlobalSection
	GlobalSection(ExtensibilityGlobals) = postSolution
		SolutionGuid = {965E9C99-96A6-489B-A17A-1285073763B0}
	EndGlobalSection
EndGlobal
