
Microsoft Visual Studio Solution File, Format Version 12.00
# Visual Studio 15
VisualStudioVersion = 15.0.28307.168
MinimumVisualStudioVersion = 10.0.40219.1
Project("{2150E333-8FDC-42A3-9474-1A3956D46DE8}") = "TailorImage", "TailorImage", "{5F15CC3C-6F9A-4E63-9AF6-D5D4036C5F77}"
EndProject
Project("{2150E333-8FDC-42A3-9474-1A3956D46DE8}") = "src", "src", "{C39D5DB4-FC70-4688-A844-4254B2C516E9}"
EndProject
Project("{2150E333-8FDC-42A3-9474-1A3956D46DE8}") = "Pagination", "Pagination", "{BA4F8485-36A8-4AC8-8EAD-B1F80E3DB153}"
EndProject
Project("{2150E333-8FDC-42A3-9474-1A3956D46DE8}") = "src", "src", "{156338C6-5370-4427-9E34-2973DB8A1FF7}"
EndProject
Project("{9A19103F-16F7-4668-BE54-9A1E7A4F7556}") = "Pagination.Web", "Pagination\src\Pagination.Web\Pagination.Web.csproj", "{E95D3D09-278E-46A4-BF72-5A42EDD6CCE1}"
EndProject
Project("{9A19103F-16F7-4668-BE54-9A1E7A4F7556}") = "TailorImage.Web", "TailorImage\src\TailorImage.Web\TailorImage.Web.csproj", "{BE020BF1-4E1D-4E0D-8F1A-E28313A58867}"
EndProject
Project("{2150E333-8FDC-42A3-9474-1A3956D46DE8}") = "LogPanel", "LogPanel", "{E74ABD11-877E-4E60-9898-10A6A35E25F9}"
EndProject
Project("{2150E333-8FDC-42A3-9474-1A3956D46DE8}") = "src", "src", "{1CAA238D-569B-4785-8BF8-FA4E0D11CDF6}"
EndProject
Project("{9A19103F-16F7-4668-BE54-9A1E7A4F7556}") = "LogPanel.Web", "LogPanel\src\LogPanel.Web\LogPanel.Web.csproj", "{5B276DD8-6B46-4588-AF0A-883DB6EDAB31}"
EndProject
Project("{2150E333-8FDC-42A3-9474-1A3956D46DE8}") = "KnockoutJS", "KnockoutJS", "{0AB899F1-39B0-47AA-B38A-2CF69DCEA4B2}"
EndProject
Project("{2150E333-8FDC-42A3-9474-1A3956D46DE8}") = "src", "src", "{36F007B5-9BB1-4754-BAFF-0DF3D96F5B01}"
EndProject
Project("{9A19103F-16F7-4668-BE54-9A1E7A4F7556}") = "KnockoutJS.Web", "KnockoutJS\src\KnockoutJS.Web\KnockoutJS.Web.csproj", "{5F5C61A1-FE25-47AD-8C1E-5B4903C2715B}"
EndProject
Project("{2150E333-8FDC-42A3-9474-1A3956D46DE8}") = "Ingenuity", "Ingenuity", "{D6F2169F-7DF4-481D-A6DA-F914ED308DEC}"
EndProject
Project("{2150E333-8FDC-42A3-9474-1A3956D46DE8}") = "src", "src", "{CE68EB18-FDF2-4153-B77B-3BB50AAF2514}"
EndProject
Project("{9A19103F-16F7-4668-BE54-9A1E7A4F7556}") = "Ingenuity.Web", "Ingenuity\src\Ingenuity.Web\Ingenuity.Web.csproj", "{9462BD1D-CD53-4D6C-9CB9-E38C62385832}"
EndProject
Project("{2150E333-8FDC-42A3-9474-1A3956D46DE8}") = "DingTalk", "DingTalk", "{512099C6-B2EC-4EC7-8479-CEF88AEEEA19}"
EndProject
Project("{2150E333-8FDC-42A3-9474-1A3956D46DE8}") = "src", "src", "{BC3C0A93-6E5B-446B-A0EF-E4D7119C4651}"
EndProject
Project("{FAE04EC0-301F-11D3-BF4B-00C04F79EFBC}") = "DingTalk.Web", "DingTalk\src\DingTalk.Web\DingTalk.Web.csproj", "{6FA08A7E-8E40-488A-84DC-D24E133AB027}"
EndProject
Global
	GlobalSection(SolutionConfigurationPlatforms) = preSolution
		Debug|Any CPU = Debug|Any CPU
		Release|Any CPU = Release|Any CPU
	EndGlobalSection
	GlobalSection(ProjectConfigurationPlatforms) = postSolution
		{E95D3D09-278E-46A4-BF72-5A42EDD6CCE1}.Debug|Any CPU.ActiveCfg = Debug|Any CPU
		{E95D3D09-278E-46A4-BF72-5A42EDD6CCE1}.Debug|Any CPU.Build.0 = Debug|Any CPU
		{E95D3D09-278E-46A4-BF72-5A42EDD6CCE1}.Release|Any CPU.ActiveCfg = Release|Any CPU
		{E95D3D09-278E-46A4-BF72-5A42EDD6CCE1}.Release|Any CPU.Build.0 = Release|Any CPU
		{BE020BF1-4E1D-4E0D-8F1A-E28313A58867}.Debug|Any CPU.ActiveCfg = Debug|Any CPU
		{BE020BF1-4E1D-4E0D-8F1A-E28313A58867}.Debug|Any CPU.Build.0 = Debug|Any CPU
		{BE020BF1-4E1D-4E0D-8F1A-E28313A58867}.Release|Any CPU.ActiveCfg = Release|Any CPU
		{BE020BF1-4E1D-4E0D-8F1A-E28313A58867}.Release|Any CPU.Build.0 = Release|Any CPU
		{5B276DD8-6B46-4588-AF0A-883DB6EDAB31}.Debug|Any CPU.ActiveCfg = Debug|Any CPU
		{5B276DD8-6B46-4588-AF0A-883DB6EDAB31}.Debug|Any CPU.Build.0 = Debug|Any CPU
		{5B276DD8-6B46-4588-AF0A-883DB6EDAB31}.Release|Any CPU.ActiveCfg = Release|Any CPU
		{5B276DD8-6B46-4588-AF0A-883DB6EDAB31}.Release|Any CPU.Build.0 = Release|Any CPU
		{5F5C61A1-FE25-47AD-8C1E-5B4903C2715B}.Debug|Any CPU.ActiveCfg = Debug|Any CPU
		{5F5C61A1-FE25-47AD-8C1E-5B4903C2715B}.Debug|Any CPU.Build.0 = Debug|Any CPU
		{5F5C61A1-FE25-47AD-8C1E-5B4903C2715B}.Release|Any CPU.ActiveCfg = Release|Any CPU
		{5F5C61A1-FE25-47AD-8C1E-5B4903C2715B}.Release|Any CPU.Build.0 = Release|Any CPU
		{9462BD1D-CD53-4D6C-9CB9-E38C62385832}.Debug|Any CPU.ActiveCfg = Debug|Any CPU
		{9462BD1D-CD53-4D6C-9CB9-E38C62385832}.Debug|Any CPU.Build.0 = Debug|Any CPU
		{9462BD1D-CD53-4D6C-9CB9-E38C62385832}.Release|Any CPU.ActiveCfg = Release|Any CPU
		{9462BD1D-CD53-4D6C-9CB9-E38C62385832}.Release|Any CPU.Build.0 = Release|Any CPU
		{6FA08A7E-8E40-488A-84DC-D24E133AB027}.Debug|Any CPU.ActiveCfg = Debug|Any CPU
		{6FA08A7E-8E40-488A-84DC-D24E133AB027}.Debug|Any CPU.Build.0 = Debug|Any CPU
		{6FA08A7E-8E40-488A-84DC-D24E133AB027}.Release|Any CPU.ActiveCfg = Release|Any CPU
		{6FA08A7E-8E40-488A-84DC-D24E133AB027}.Release|Any CPU.Build.0 = Release|Any CPU
	EndGlobalSection
	GlobalSection(SolutionProperties) = preSolution
		HideSolutionNode = FALSE
	EndGlobalSection
	GlobalSection(NestedProjects) = preSolution
		{C39D5DB4-FC70-4688-A844-4254B2C516E9} = {5F15CC3C-6F9A-4E63-9AF6-D5D4036C5F77}
		{156338C6-5370-4427-9E34-2973DB8A1FF7} = {BA4F8485-36A8-4AC8-8EAD-B1F80E3DB153}
		{E95D3D09-278E-46A4-BF72-5A42EDD6CCE1} = {156338C6-5370-4427-9E34-2973DB8A1FF7}
		{BE020BF1-4E1D-4E0D-8F1A-E28313A58867} = {C39D5DB4-FC70-4688-A844-4254B2C516E9}
		{1CAA238D-569B-4785-8BF8-FA4E0D11CDF6} = {E74ABD11-877E-4E60-9898-10A6A35E25F9}
		{5B276DD8-6B46-4588-AF0A-883DB6EDAB31} = {1CAA238D-569B-4785-8BF8-FA4E0D11CDF6}
		{36F007B5-9BB1-4754-BAFF-0DF3D96F5B01} = {0AB899F1-39B0-47AA-B38A-2CF69DCEA4B2}
		{5F5C61A1-FE25-47AD-8C1E-5B4903C2715B} = {36F007B5-9BB1-4754-BAFF-0DF3D96F5B01}
		{CE68EB18-FDF2-4153-B77B-3BB50AAF2514} = {D6F2169F-7DF4-481D-A6DA-F914ED308DEC}
		{9462BD1D-CD53-4D6C-9CB9-E38C62385832} = {CE68EB18-FDF2-4153-B77B-3BB50AAF2514}
		{BC3C0A93-6E5B-446B-A0EF-E4D7119C4651} = {512099C6-B2EC-4EC7-8479-CEF88AEEEA19}
		{6FA08A7E-8E40-488A-84DC-D24E133AB027} = {BC3C0A93-6E5B-446B-A0EF-E4D7119C4651}
	EndGlobalSection
	GlobalSection(ExtensibilityGlobals) = postSolution
		SolutionGuid = {965E9C99-96A6-489B-A17A-1285073763B0}
	EndGlobalSection
EndGlobal
